<?xml version="1.0" encoding="utf-8"?>
<Project ToolsVersion="4.0" xmlns="http://schemas.microsoft.com/developer/msbuild/2003">
  <ItemGroup>
    <Filter Include="Generated Files">
      <UniqueIdentifier>{71ED8ED8-ACB9-4CE9-BBE1-E00B30144E11}</UniqueIdentifier>
      <Extensions>cpp;c;cxx;moc;h;def;odl;idl;res;</Extensions>
    </Filter>
    <Filter Include="Generated Files">
      <UniqueIdentifier>{71ED8ED8-ACB9-4CE9-BBE1-E00B30144E11}</UniqueIdentifier>
      <Extensions>cpp;c;cxx;moc;h;def;odl;idl;res;</Extensions>
    </Filter>
    <Filter Include="Header Files">
      <UniqueIdentifier>{93995380-89BD-4b04-88EB-625FBE52EBFB}</UniqueIdentifier>
      <Extensions>h;hpp;hxx;hm;inl;inc;xsd</Extensions>
    </Filter>
    <Filter Include="Header Files">
      <UniqueIdentifier>{93995380-89BD-4b04-88EB-625FBE52EBFB}</UniqueIdentifier>
      <Extensions>h;hpp;hxx;hm;inl;inc;xsd</Extensions>
    </Filter>
    <Filter Include="Source Files">
      <UniqueIdentifier>{4FC737F1-C7A5-4376-A066-2A32D752A2FF}</UniqueIdentifier>
      <Extensions>cpp;c;cxx;def;odl;idl;hpj;bat;asm;asmx</Extensions>
    </Filter>
    <Filter Include="Source Files">
      <UniqueIdentifier>{4FC737F1-C7A5-4376-A066-2A32D752A2FF}</UniqueIdentifier>
      <Extensions>cpp;c;cxx;def;odl;idl;hpj;bat;asm;asmx</Extensions>
    </Filter>
    <Filter Include="Generated Files\Debug">
      <UniqueIdentifier>{640876d5-2dff-4a67-bca5-2a725fa1cc16}</UniqueIdentifier>
      <Extensions>cpp;moc</Extensions>
      <SourceControlFiles>False</SourceControlFiles>
    </Filter>
    <Filter Include="Generated Files\Release">
      <UniqueIdentifier>{59e0f595-9c54-4077-8c27-1f8366365c2e}</UniqueIdentifier>
      <Extensions>cpp;moc</Extensions>
      <SourceControlFiles>False</SourceControlFiles>
    </Filter>
    <Filter Include="Header Files\base">
      <UniqueIdentifier>{361d86ab-f12c-48ee-bfee-27a0754b4e38}</UniqueIdentifier>
    </Filter>
    <Filter Include="Source Files\base">
      <UniqueIdentifier>{60e75f53-110c-4005-b794-a861cd2d748b}</UniqueIdentifier>
    </Filter>
    <Filter Include="Source Files\geometry">
      <UniqueIdentifier>{1a243ea2-e70f-4f6d-b329-fa172dfaa5be}</UniqueIdentifier>
    </Filter>
    <Filter Include="Header Files\geometry">
      <UniqueIdentifier>{e4d82a50-de23-4562-8ccd-1f44b831a1b5}</UniqueIdentifier>
    </Filter>
    <Filter Include="Header Files\texture">
      <UniqueIdentifier>{ffd51366-9026-40ea-8d93-e5acd547f6ab}</UniqueIdentifier>
    </Filter>
    <Filter Include="Header Files\shader">
      <UniqueIdentifier>{be8e43dc-015d-4913-86bc-be5d98549845}</UniqueIdentifier>
    </Filter>
    <Filter Include="Source Files\texture">
      <UniqueIdentifier>{24514322-c45d-45d9-b437-b9d7eece2e5d}</UniqueIdentifier>
    </Filter>
    <Filter Include="Source Files\shader">
      <UniqueIdentifier>{2dd89752-0fe6-4dde-89a6-77b61e578f5c}</UniqueIdentifier>
    </Filter>
    <Filter Include="Header Files\light">
      <UniqueIdentifier>{a0372316-14c4-425e-9acc-9a0e87132610}</UniqueIdentifier>
    </Filter>
    <Filter Include="Source Files\light">
      <UniqueIdentifier>{a8ee8857-b5ed-4158-9aeb-09731ffea28e}</UniqueIdentifier>
    </Filter>
  </ItemGroup>
  <ItemGroup>
    <ClCompile Include="main.cpp">
      <Filter>Source Files</Filter>
    </ClCompile>
    <ClCompile Include="mainwidget.cpp">
      <Filter>Source Files</Filter>
    </ClCompile>
    <ClCompile Include="GeneratedFiles\Debug\moc_mainwidget.cpp">
      <Filter>Generated Files\Debug</Filter>
    </ClCompile>
    <ClCompile Include="GeneratedFiles\Release\moc_mainwidget.cpp">
      <Filter>Generated Files\Release</Filter>
    </ClCompile>
    <ClCompile Include="base\camera.cpp">
      <Filter>Source Files\base</Filter>
    </ClCompile>
    <ClCompile Include="base\vertexdata.cpp">
      <Filter>Source Files\base</Filter>
    </ClCompile>
    <ClCompile Include="geometry\smesh.cpp">
      <Filter>Source Files\geometry</Filter>
    </ClCompile>
    <ClCompile Include="geometry\objloader.cpp">
      <Filter>Source Files\geometry</Filter>
    </ClCompile>
    <ClCompile Include="texture\texture.cpp">
      <Filter>Source Files\texture</Filter>
    </ClCompile>
    <ClCompile Include="shader\shaderprogram.cpp">
      <Filter>Source Files\shader</Filter>
    </ClCompile>
    <ClCompile Include="geometry\entity.cpp">
      <Filter>Source Files\geometry</Filter>
    </ClCompile>
    <ClCompile Include="base\color.cpp">
      <Filter>Source Files\base</Filter>
    </ClCompile>
    <ClCompile Include="light\baselight.cpp">
      <Filter>Source Files\light</Filter>
    </ClCompile>
    <ClCompile Include="light\pointlight.cpp">
      <Filter>Source Files\light</Filter>
    </ClCompile>
    <ClCompile Include="light\attenuation.cpp">
      <Filter>Source Files\light</Filter>
    </ClCompile>
    <ClCompile Include="spotlight.cpp">
      <Filter>Source Files\light</Filter>
    </ClCompile>
    <ClCompile Include="light\directionlight.cpp">
      <Filter>Source Files\light</Filter>
    </ClCompile>
    <ClCompile Include="base\cameracontroller.cpp">
      <Filter>Source Files\base</Filter>
    </ClCompile>
    <ClCompile Include="GeneratedFiles\Debug\moc_scene.cpp">
      <Filter>Generated Files\Debug</Filter>
    </ClCompile>
    <ClCompile Include="GeneratedFiles\Release\moc_scene.cpp">
      <Filter>Generated Files\Release</Filter>
    </ClCompile>
    <ClCompile Include="base\scene.cpp">
      <Filter>Source Files\base</Filter>
    </ClCompile>
  </ItemGroup>
  <ItemGroup>
    <CustomBuild Include="mainwidget.h">
      <Filter>Header Files</Filter>
    </CustomBuild>
    <CustomBuild Include="base\scene.h">
      <Filter>Header Files\base</Filter>
    </CustomBuild>
  </ItemGroup>
  <ItemGroup>
    <ClInclude Include="base\camera.h">
      <Filter>Header Files\base</Filter>
    </ClInclude>
    <ClInclude Include="base\vertexdata.h">
      <Filter>Header Files\base</Filter>
    </ClInclude>
    <ClInclude Include="geometry\smesh.h">
      <Filter>Header Files\geometry</Filter>
    </ClInclude>
    <ClInclude Include="geometry\objloader.h">
      <Filter>Header Files\geometry</Filter>
    </ClInclude>
    <ClInclude Include="shader\shaderprogram.h">
      <Filter>Header Files\shader</Filter>
    </ClInclude>
    <ClInclude Include="common.h">
      <Filter>Header Files</Filter>
    </ClInclude>
    <ClInclude Include="texture\texture.h">
      <Filter>Header Files\texture</Filter>
    </ClInclude>
    <ClInclude Include="geometry\entity.h">
      <Filter>Header Files\geometry</Filter>
    </ClInclude>
    <ClInclude Include="base\color.h">
      <Filter>Header Files\base</Filter>
    </ClInclude>
    <ClInclude Include="light\baselight.h">
      <Filter>Header Files\light</Filter>
    </ClInclude>
    <ClInclude Include="light\pointlight.h">
      <Filter>Header Files\light</Filter>
    </ClInclude>
    <ClInclude Include="light\attenuation.h">
      <Filter>Header Files\light</Filter>
    </ClInclude>
    <ClInclude Include="light\spotlight.h">
      <Filter>Header Files\light</Filter>
    </ClInclude>
    <ClInclude Include="light\directionlight.h">
      <Filter>Header Files\light</Filter>
    </ClInclude>
    <ClInclude Include="base\cameracontroller.h">
      <Filter>Header Files\base</Filter>
    </ClInclude>
  </ItemGroup>
</Project>